
Microsoft Visual Studio Solution File, Format Version 12.00
# Visual Studio Version 17
VisualStudioVersion = 17.2.32616.157
MinimumVisualStudioVersion = 10.0.40219.1
Project("{FAE04EC0-301F-11D3-BF4B-00C04F79EFBC}") = "Server", "Server\Server.csproj", "{B809AC47-4BA8-4922-B9E1-A5BE92AFA68A}"
EndProject
Global
	GlobalSection(SolutionConfigurationPlatforms) = preSolution
		Debug|Any CPU = Debug|Any CPU
		Release|Any CPU = Release|Any CPU
	EndGlobalSection
	GlobalSection(ProjectConfigurationPlatforms) = postSolution
		{B809AC47-4BA8-4922-B9E1-A5BE92AFA68A}.Debug|Any CPU.ActiveCfg = Debug|Any CPU
		{B809AC47-4BA8-4922-B9E1-A5BE92AFA68A}.Debug|Any CPU.Build.0 = Debug|Any CPU
		{B809AC47-4BA8-4922-B9E1-A5BE92AFA68A}.Release|Any CPU.ActiveCfg = Release|Any CPU
		{B809AC47-4BA8-4922-B9E1-A5BE92AFA68A}.Release|Any CPU.Build.0 = Release|Any CPU
	EndGlobalSection
	GlobalSection(SolutionProperties) = preSolution
		HideSolutionNode = FALSE
	EndGlobalSection
	GlobalSection(ExtensibilityGlobals) = postSolution
		SolutionGuid = {44BE1821-8F3F-48DA-946A-B04ECA6B8411}
	EndGlobalSection
EndGlobal
