
Microsoft Visual Studio Solution File, Format Version 12.00
# Visual Studio 15
Project("{FAE04EC0-301F-11D3-BF4B-00C04F79EFBC}") = "Mirror", "Mirror.csproj", "{DDC0017A-847F-A1AC-E08A-0750F2BF0844}"
EndProject
Project("{FAE04EC0-301F-11D3-BF4B-00C04F79EFBC}") = "Assembly-CSharp", "Assembly-CSharp.csproj", "{5B9FF267-005F-A3BF-219E-FEAE2D8C894F}"
EndProject
Project("{FAE04EC0-301F-11D3-BF4B-00C04F79EFBC}") = "Mirror.Components", "Mirror.Components.csproj", "{5300024F-62B2-E59E-6076-0302A4F92937}"
EndProject
Project("{FAE04EC0-301F-11D3-BF4B-00C04F79EFBC}") = "SimpleWebTransport", "SimpleWebTransport.csproj", "{54D40601-226C-D5D9-4B93-EEA808C8D81C}"
EndProject
Project("{FAE04EC0-301F-11D3-BF4B-00C04F79EFBC}") = "Mirror.Examples", "Mirror.Examples.csproj", "{2E8A20E9-92BC-E382-B98E-E17A1BC930B3}"
EndProject
Project("{FAE04EC0-301F-11D3-BF4B-00C04F79EFBC}") = "kcp2k", "kcp2k.csproj", "{DB845429-F5C7-D625-09EA-DF9113FFE454}"
EndProject
Project("{FAE04EC0-301F-11D3-BF4B-00C04F79EFBC}") = "Telepathy", "Telepathy.csproj", "{0067700D-9756-5D0C-9DAF-03652EAE61CC}"
EndProject
Project("{FAE04EC0-301F-11D3-BF4B-00C04F79EFBC}") = "Mirror.Authenticators", "Mirror.Authenticators.csproj", "{F8C9D306-9E1E-A4FA-AB72-42377DD95A76}"
EndProject
Project("{FAE04EC0-301F-11D3-BF4B-00C04F79EFBC}") = "Assembly-CSharp-firstpass", "Assembly-CSharp-firstpass.csproj", "{EB8AA23C-2655-E22B-2EBB-05697394EDB3}"
EndProject
Project("{FAE04EC0-301F-11D3-BF4B-00C04F79EFBC}") = "where-allocations", "where-allocations.csproj", "{B89A3D6D-03D9-68D6-2CE2-6FC15983C0DF}"
EndProject
Project("{FAE04EC0-301F-11D3-BF4B-00C04F79EFBC}") = "Unity.Mirror.CodeGen", "Unity.Mirror.CodeGen.csproj", "{B9390481-1C7F-59B7-293C-CF75CEE06565}"
EndProject
Project("{FAE04EC0-301F-11D3-BF4B-00C04F79EFBC}") = "Assembly-CSharp-Editor", "Assembly-CSharp-Editor.csproj", "{6CDB4719-1D28-38FF-BF92-A07FF7EAE25F}"
EndProject
Project("{FAE04EC0-301F-11D3-BF4B-00C04F79EFBC}") = "Mirror.Editor", "Mirror.Editor.csproj", "{C22BD3AE-AEB7-6647-919E-C6F26B7D8A7A}"
EndProject
Project("{FAE04EC0-301F-11D3-BF4B-00C04F79EFBC}") = "Mirror.CompilerSymbols", "Mirror.CompilerSymbols.csproj", "{413A8013-2B41-799B-CD52-7811635115FA}"
EndProject
Global
	GlobalSection(SolutionConfigurationPlatforms) = preSolution
		Debug|Any CPU = Debug|Any CPU
		Release|Any CPU = Release|Any CPU
	EndGlobalSection
	GlobalSection(ProjectConfigurationPlatforms) = postSolution
		{DDC0017A-847F-A1AC-E08A-0750F2BF0844}.Debug|Any CPU.ActiveCfg = Debug|Any CPU
		{DDC0017A-847F-A1AC-E08A-0750F2BF0844}.Debug|Any CPU.Build.0 = Debug|Any CPU
		{DDC0017A-847F-A1AC-E08A-0750F2BF0844}.Release|Any CPU.ActiveCfg = Release|Any CPU
		{DDC0017A-847F-A1AC-E08A-0750F2BF0844}.Release|Any CPU.Build.0 = Release|Any CPU
		{5B9FF267-005F-A3BF-219E-FEAE2D8C894F}.Debug|Any CPU.ActiveCfg = Debug|Any CPU
		{5B9FF267-005F-A3BF-219E-FEAE2D8C894F}.Debug|Any CPU.Build.0 = Debug|Any CPU
		{5B9FF267-005F-A3BF-219E-FEAE2D8C894F}.Release|Any CPU.ActiveCfg = Release|Any CPU
		{5B9FF267-005F-A3BF-219E-FEAE2D8C894F}.Release|Any CPU.Build.0 = Release|Any CPU
		{5300024F-62B2-E59E-6076-0302A4F92937}.Debug|Any CPU.ActiveCfg = Debug|Any CPU
		{5300024F-62B2-E59E-6076-0302A4F92937}.Debug|Any CPU.Build.0 = Debug|Any CPU
		{5300024F-62B2-E59E-6076-0302A4F92937}.Release|Any CPU.ActiveCfg = Release|Any CPU
		{5300024F-62B2-E59E-6076-0302A4F92937}.Release|Any CPU.Build.0 = Release|Any CPU
		{54D40601-226C-D5D9-4B93-EEA808C8D81C}.Debug|Any CPU.ActiveCfg = Debug|Any CPU
		{54D40601-226C-D5D9-4B93-EEA808C8D81C}.Debug|Any CPU.Build.0 = Debug|Any CPU
		{54D40601-226C-D5D9-4B93-EEA808C8D81C}.Release|Any CPU.ActiveCfg = Release|Any CPU
		{54D40601-226C-D5D9-4B93-EEA808C8D81C}.Release|Any CPU.Build.0 = Release|Any CPU
		{2E8A20E9-92BC-E382-B98E-E17A1BC930B3}.Debug|Any CPU.ActiveCfg = Debug|Any CPU
		{2E8A20E9-92BC-E382-B98E-E17A1BC930B3}.Debug|Any CPU.Build.0 = Debug|Any CPU
		{2E8A20E9-92BC-E382-B98E-E17A1BC930B3}.Release|Any CPU.ActiveCfg = Release|Any CPU
		{2E8A20E9-92BC-E382-B98E-E17A1BC930B3}.Release|Any CPU.Build.0 = Release|Any CPU
		{DB845429-F5C7-D625-09EA-DF9113FFE454}.Debug|Any CPU.ActiveCfg = Debug|Any CPU
		{DB845429-F5C7-D625-09EA-DF9113FFE454}.Debug|Any CPU.Build.0 = Debug|Any CPU
		{DB845429-F5C7-D625-09EA-DF9113FFE454}.Release|Any CPU.ActiveCfg = Release|Any CPU
		{DB845429-F5C7-D625-09EA-DF9113FFE454}.Release|Any CPU.Build.0 = Release|Any CPU
		{0067700D-9756-5D0C-9DAF-03652EAE61CC}.Debug|Any CPU.ActiveCfg = Debug|Any CPU
		{0067700D-9756-5D0C-9DAF-03652EAE61CC}.Debug|Any CPU.Build.0 = Debug|Any CPU
		{0067700D-9756-5D0C-9DAF-03652EAE61CC}.Release|Any CPU.ActiveCfg = Release|Any CPU
		{0067700D-9756-5D0C-9DAF-03652EAE61CC}.Release|Any CPU.Build.0 = Release|Any CPU
		{F8C9D306-9E1E-A4FA-AB72-42377DD95A76}.Debug|Any CPU.ActiveCfg = Debug|Any CPU
		{F8C9D306-9E1E-A4FA-AB72-42377DD95A76}.Debug|Any CPU.Build.0 = Debug|Any CPU
		{F8C9D306-9E1E-A4FA-AB72-42377DD95A76}.Release|Any CPU.ActiveCfg = Release|Any CPU
		{F8C9D306-9E1E-A4FA-AB72-42377DD95A76}.Release|Any CPU.Build.0 = Release|Any CPU
		{EB8AA23C-2655-E22B-2EBB-05697394EDB3}.Debug|Any CPU.ActiveCfg = Debug|Any CPU
		{EB8AA23C-2655-E22B-2EBB-05697394EDB3}.Debug|Any CPU.Build.0 = Debug|Any CPU
		{EB8AA23C-2655-E22B-2EBB-05697394EDB3}.Release|Any CPU.ActiveCfg = Release|Any CPU
		{EB8AA23C-2655-E22B-2EBB-05697394EDB3}.Release|Any CPU.Build.0 = Release|Any CPU
		{B89A3D6D-03D9-68D6-2CE2-6FC15983C0DF}.Debug|Any CPU.ActiveCfg = Debug|Any CPU
		{B89A3D6D-03D9-68D6-2CE2-6FC15983C0DF}.Debug|Any CPU.Build.0 = Debug|Any CPU
		{B89A3D6D-03D9-68D6-2CE2-6FC15983C0DF}.Release|Any CPU.ActiveCfg = Release|Any CPU
		{B89A3D6D-03D9-68D6-2CE2-6FC15983C0DF}.Release|Any CPU.Build.0 = Release|Any CPU
		{B9390481-1C7F-59B7-293C-CF75CEE06565}.Debug|Any CPU.ActiveCfg = Debug|Any CPU
		{B9390481-1C7F-59B7-293C-CF75CEE06565}.Debug|Any CPU.Build.0 = Debug|Any CPU
		{B9390481-1C7F-59B7-293C-CF75CEE06565}.Release|Any CPU.ActiveCfg = Release|Any CPU
		{B9390481-1C7F-59B7-293C-CF75CEE06565}.Release|Any CPU.Build.0 = Release|Any CPU
		{6CDB4719-1D28-38FF-BF92-A07FF7EAE25F}.Debug|Any CPU.ActiveCfg = Debug|Any CPU
		{6CDB4719-1D28-38FF-BF92-A07FF7EAE25F}.Debug|Any CPU.Build.0 = Debug|Any CPU
		{6CDB4719-1D28-38FF-BF92-A07FF7EAE25F}.Release|Any CPU.ActiveCfg = Release|Any CPU
		{6CDB4719-1D28-38FF-BF92-A07FF7EAE25F}.Release|Any CPU.Build.0 = Release|Any CPU
		{C22BD3AE-AEB7-6647-919E-C6F26B7D8A7A}.Debug|Any CPU.ActiveCfg = Debug|Any CPU
		{C22BD3AE-AEB7-6647-919E-C6F26B7D8A7A}.Debug|Any CPU.Build.0 = Debug|Any CPU
		{C22BD3AE-AEB7-6647-919E-C6F26B7D8A7A}.Release|Any CPU.ActiveCfg = Release|Any CPU
		{C22BD3AE-AEB7-6647-919E-C6F26B7D8A7A}.Release|Any CPU.Build.0 = Release|Any CPU
		{413A8013-2B41-799B-CD52-7811635115FA}.Debug|Any CPU.ActiveCfg = Debug|Any CPU
		{413A8013-2B41-799B-CD52-7811635115FA}.Debug|Any CPU.Build.0 = Debug|Any CPU
		{413A8013-2B41-799B-CD52-7811635115FA}.Release|Any CPU.ActiveCfg = Release|Any CPU
		{413A8013-2B41-799B-CD52-7811635115FA}.Release|Any CPU.Build.0 = Release|Any CPU
	EndGlobalSection
	GlobalSection(SolutionProperties) = preSolution
		HideSolutionNode = FALSE
	EndGlobalSection
EndGlobal
